
Microsoft Visual Studio Solution File, Format Version 12.00
# Visual Studio 15
VisualStudioVersion = 15.0.27703.2042
MinimumVisualStudioVersion = 10.0.40219.1
Project("{FAE04EC0-301F-11D3-BF4B-00C04F79EFBC}") = "GenerateStringRandomList", "GenerateStringRandomList\GenerateStringRandomList.csproj", "{ED9BB134-E0F9-4279-828B-30AA25DC8AF6}"
EndProject
Global
	GlobalSection(SolutionConfigurationPlatforms) = preSolution
		Debug|Any CPU = Debug|Any CPU
		Release|Any CPU = Release|Any CPU
	EndGlobalSection
	GlobalSection(ProjectConfigurationPlatforms) = postSolution
		{ED9BB134-E0F9-4279-828B-30AA25DC8AF6}.Debug|Any CPU.ActiveCfg = Debug|Any CPU
		{ED9BB134-E0F9-4279-828B-30AA25DC8AF6}.Debug|Any CPU.Build.0 = Debug|Any CPU
		{ED9BB134-E0F9-4279-828B-30AA25DC8AF6}.Release|Any CPU.ActiveCfg = Release|Any CPU
		{ED9BB134-E0F9-4279-828B-30AA25DC8AF6}.Release|Any CPU.Build.0 = Release|Any CPU
	EndGlobalSection
	GlobalSection(SolutionProperties) = preSolution
		HideSolutionNode = FALSE
	EndGlobalSection
	GlobalSection(ExtensibilityGlobals) = postSolution
		SolutionGuid = {9FEE5D14-E8C9-4456-8FE5-3AE1D5159FE6}
	EndGlobalSection
EndGlobal
